
Microsoft Visual Studio Solution File, Format Version 12.00
# Visual Studio Version 17
VisualStudioVersion = 17.9.34616.47
MinimumVisualStudioVersion = 10.0.40219.1
Project("{F184B08F-C81C-45F6-A57F-5ABD9991F28F}") = "CUENTAS", "CUENTAS.vbproj", "{274C1264-5FCB-40B5-89D9-B40F0144C9E7}"
EndProject
Global
	GlobalSection(SolutionConfigurationPlatforms) = preSolution
		Debug|Any CPU = Debug|Any CPU
		Release|Any CPU = Release|Any CPU
	EndGlobalSection
	GlobalSection(ProjectConfigurationPlatforms) = postSolution
		{274C1264-5FCB-40B5-89D9-B40F0144C9E7}.Debug|Any CPU.ActiveCfg = Debug|Any CPU
		{274C1264-5FCB-40B5-89D9-B40F0144C9E7}.Debug|Any CPU.Build.0 = Debug|Any CPU
		{274C1264-5FCB-40B5-89D9-B40F0144C9E7}.Release|Any CPU.ActiveCfg = Release|Any CPU
		{274C1264-5FCB-40B5-89D9-B40F0144C9E7}.Release|Any CPU.Build.0 = Release|Any CPU
	EndGlobalSection
	GlobalSection(SolutionProperties) = preSolution
		HideSolutionNode = FALSE
	EndGlobalSection
	GlobalSection(ExtensibilityGlobals) = postSolution
		SolutionGuid = {A8F07AE4-07E4-492D-856D-668D6C3A4508}
	EndGlobalSection
EndGlobal
